Microsoft Visual Studio Solution File, Format Version 9.00
# Visual Studio 2005
Project("{8BC9CEB8-8B4A-11D0-8D11-00A0C91BC942}") = "ALL_BUILD", "ALL_BUILD.vcproj", "{D5234664-BBA2-4D14-A02A-12A98D20B920}"
	ProjectSection(ProjectDependencies) = postProject
		{45C31B73-5405-47D6-851C-5ED35E0EDE1F} = {45C31B73-5405-47D6-851C-5ED35E0EDE1F}
		{CBF41510-B852-45B6-B99B-1C9270E0C7D8} = {CBF41510-B852-45B6-B99B-1C9270E0C7D8}
	EndProjectSection
EndProject
Project("{8BC9CEB8-8B4A-11D0-8D11-00A0C91BC942}") = "INSTALL", "INSTALL.vcproj", "{82E152C8-63AD-477E-B459-5DC8AA16F351}"
	ProjectSection(ProjectDependencies) = postProject
		{D5234664-BBA2-4D14-A02A-12A98D20B920} = {D5234664-BBA2-4D14-A02A-12A98D20B920}
	EndProjectSection
EndProject
Project("{8BC9CEB8-8B4A-11D0-8D11-00A0C91BC942}") = "RUN_TESTS", "RUN_TESTS.vcproj", "{34EE00C4-D60E-4A2F-9970-98839E1CCF64}"
	ProjectSection(ProjectDependencies) = postProject
	EndProjectSection
EndProject
Project("{8BC9CEB8-8B4A-11D0-8D11-00A0C91BC942}") = "ZERO_CHECK", "ZERO_CHECK.vcproj", "{45C31B73-5405-47D6-851C-5ED35E0EDE1F}"
	ProjectSection(ProjectDependencies) = postProject
	EndProjectSection
EndProject
Project("{8BC9CEB8-8B4A-11D0-8D11-00A0C91BC942}") = "png15_static", "png15_static.vcproj", "{CBF41510-B852-45B6-B99B-1C9270E0C7D8}"
	ProjectSection(ProjectDependencies) = postProject
		{45C31B73-5405-47D6-851C-5ED35E0EDE1F} = {45C31B73-5405-47D6-851C-5ED35E0EDE1F}
	EndProjectSection
EndProject
Global
	GlobalSection(SolutionConfigurationPlatforms) = preSolution
		Debug|Win32 = Debug|Win32
		Release|Win32 = Release|Win32
		MinSizeRel|Win32 = MinSizeRel|Win32
		RelWithDebInfo|Win32 = RelWithDebInfo|Win32
	EndGlobalSection
	GlobalSection(ProjectConfigurationPlatforms) = postSolution
		{D5234664-BBA2-4D14-A02A-12A98D20B920}.Debug|Win32.ActiveCfg = Debug|Win32
		{D5234664-BBA2-4D14-A02A-12A98D20B920}.Debug|Win32.Build.0 = Debug|Win32
		{D5234664-BBA2-4D14-A02A-12A98D20B920}.Release|Win32.ActiveCfg = Release|Win32
		{D5234664-BBA2-4D14-A02A-12A98D20B920}.Release|Win32.Build.0 = Release|Win32
		{D5234664-BBA2-4D14-A02A-12A98D20B920}.MinSizeRel|Win32.ActiveCfg = MinSizeRel|Win32
		{D5234664-BBA2-4D14-A02A-12A98D20B920}.MinSizeRel|Win32.Build.0 = MinSizeRel|Win32
		{D5234664-BBA2-4D14-A02A-12A98D20B920}.RelWithDebInfo|Win32.ActiveCfg = RelWithDebInfo|Win32
		{D5234664-BBA2-4D14-A02A-12A98D20B920}.RelWithDebInfo|Win32.Build.0 = RelWithDebInfo|Win32
		{82E152C8-63AD-477E-B459-5DC8AA16F351}.Debug|Win32.ActiveCfg = Debug|Win32
		{82E152C8-63AD-477E-B459-5DC8AA16F351}.Release|Win32.ActiveCfg = Release|Win32
		{82E152C8-63AD-477E-B459-5DC8AA16F351}.MinSizeRel|Win32.ActiveCfg = MinSizeRel|Win32
		{82E152C8-63AD-477E-B459-5DC8AA16F351}.RelWithDebInfo|Win32.ActiveCfg = RelWithDebInfo|Win32
		{34EE00C4-D60E-4A2F-9970-98839E1CCF64}.Debug|Win32.ActiveCfg = Debug|Win32
		{34EE00C4-D60E-4A2F-9970-98839E1CCF64}.Release|Win32.ActiveCfg = Release|Win32
		{34EE00C4-D60E-4A2F-9970-98839E1CCF64}.MinSizeRel|Win32.ActiveCfg = MinSizeRel|Win32
		{34EE00C4-D60E-4A2F-9970-98839E1CCF64}.RelWithDebInfo|Win32.ActiveCfg = RelWithDebInfo|Win32
		{45C31B73-5405-47D6-851C-5ED35E0EDE1F}.Debug|Win32.ActiveCfg = Debug|Win32
		{45C31B73-5405-47D6-851C-5ED35E0EDE1F}.Debug|Win32.Build.0 = Debug|Win32
		{45C31B73-5405-47D6-851C-5ED35E0EDE1F}.Release|Win32.ActiveCfg = Release|Win32
		{45C31B73-5405-47D6-851C-5ED35E0EDE1F}.Release|Win32.Build.0 = Release|Win32
		{45C31B73-5405-47D6-851C-5ED35E0EDE1F}.MinSizeRel|Win32.ActiveCfg = MinSizeRel|Win32
		{45C31B73-5405-47D6-851C-5ED35E0EDE1F}.MinSizeRel|Win32.Build.0 = MinSizeRel|Win32
		{45C31B73-5405-47D6-851C-5ED35E0EDE1F}.RelWithDebInfo|Win32.ActiveCfg = RelWithDebInfo|Win32
		{45C31B73-5405-47D6-851C-5ED35E0EDE1F}.RelWithDebInfo|Win32.Build.0 = RelWithDebInfo|Win32
		{CBF41510-B852-45B6-B99B-1C9270E0C7D8}.Debug|Win32.ActiveCfg = Debug|Win32
		{CBF41510-B852-45B6-B99B-1C9270E0C7D8}.Debug|Win32.Build.0 = Debug|Win32
		{CBF41510-B852-45B6-B99B-1C9270E0C7D8}.Release|Win32.ActiveCfg = Release|Win32
		{CBF41510-B852-45B6-B99B-1C9270E0C7D8}.Release|Win32.Build.0 = Release|Win32
		{CBF41510-B852-45B6-B99B-1C9270E0C7D8}.MinSizeRel|Win32.ActiveCfg = MinSizeRel|Win32
		{CBF41510-B852-45B6-B99B-1C9270E0C7D8}.MinSizeRel|Win32.Build.0 = MinSizeRel|Win32
		{CBF41510-B852-45B6-B99B-1C9270E0C7D8}.RelWithDebInfo|Win32.ActiveCfg = RelWithDebInfo|Win32
		{CBF41510-B852-45B6-B99B-1C9270E0C7D8}.RelWithDebInfo|Win32.Build.0 = RelWithDebInfo|Win32
	EndGlobalSection
	GlobalSection(ExtensibilityGlobals) = postSolution
	EndGlobalSection
	GlobalSection(ExtensibilityAddIns) = postSolution
	EndGlobalSection
EndGlobal
