Microsoft Visual Studio Solution File, Format Version 9.00
# Visual Studio 2005
Project("{8BC9CEB8-8B4A-11D0-8D11-00A0C91BC942}") = "ALL_BUILD", "ALL_BUILD.vcproj", "{2E2D04C2-63A3-4393-BF6D-05D07F2D2E8A}"
	ProjectSection(ProjectDependencies) = postProject
		{78E0D4F3-FFD9-4AE8-A5B4-771A42599015} = {78E0D4F3-FFD9-4AE8-A5B4-771A42599015}
		{87B74B49-AACA-47FE-8319-87276E791A92} = {87B74B49-AACA-47FE-8319-87276E791A92}
		{10DF5C8C-29C0-4EBA-975C-2BC244B5D7CD} = {10DF5C8C-29C0-4EBA-975C-2BC244B5D7CD}
		{5BB57FD0-CF72-43A1-B062-068C6AC35EBA} = {5BB57FD0-CF72-43A1-B062-068C6AC35EBA}
		{240861DE-F516-4041-BC78-913CCD05D600} = {240861DE-F516-4041-BC78-913CCD05D600}
		{CB1B33FE-7941-4698-8F03-95B23F8CE313} = {CB1B33FE-7941-4698-8F03-95B23F8CE313}
		{E0989271-C9A8-425A-8469-18E8AEEC1D8D} = {E0989271-C9A8-425A-8469-18E8AEEC1D8D}
		{B7DBB1A3-D56D-434F-AAAF-7C0EE042AD3A} = {B7DBB1A3-D56D-434F-AAAF-7C0EE042AD3A}
		{57B0949C-ED5A-4A01-8729-BD636DF21F0E} = {57B0949C-ED5A-4A01-8729-BD636DF21F0E}
		{5E1C30B8-169C-4981-9D00-D8F5605E51B4} = {5E1C30B8-169C-4981-9D00-D8F5605E51B4}
		{09FF2408-0430-40FC-B010-252BFBB8F3EF} = {09FF2408-0430-40FC-B010-252BFBB8F3EF}
		{076FFF57-71CE-4654-990F-F78C4028F8B4} = {076FFF57-71CE-4654-990F-F78C4028F8B4}
	EndProjectSection
EndProject
Project("{8BC9CEB8-8B4A-11D0-8D11-00A0C91BC942}") = "INSTALL", "INSTALL.vcproj", "{457993B1-1F99-465C-BA36-93BE297D2795}"
	ProjectSection(ProjectDependencies) = postProject
		{2E2D04C2-63A3-4393-BF6D-05D07F2D2E8A} = {2E2D04C2-63A3-4393-BF6D-05D07F2D2E8A}
	EndProjectSection
EndProject
Project("{8BC9CEB8-8B4A-11D0-8D11-00A0C91BC942}") = "RUN_TESTS", "RUN_TESTS.vcproj", "{9501404D-E66C-4971-A590-F0F8B53BDE83}"
	ProjectSection(ProjectDependencies) = postProject
	EndProjectSection
EndProject
Project("{8BC9CEB8-8B4A-11D0-8D11-00A0C91BC942}") = "ZERO_CHECK", "ZERO_CHECK.vcproj", "{78E0D4F3-FFD9-4AE8-A5B4-771A42599015}"
	ProjectSection(ProjectDependencies) = postProject
	EndProjectSection
EndProject
Project("{8BC9CEB8-8B4A-11D0-8D11-00A0C91BC942}") = "pdf-fullrewrite", "test\pdf-fullrewrite.vcproj", "{87B74B49-AACA-47FE-8319-87276E791A92}"
	ProjectSection(ProjectDependencies) = postProject
		{78E0D4F3-FFD9-4AE8-A5B4-771A42599015} = {78E0D4F3-FFD9-4AE8-A5B4-771A42599015}
		{076FFF57-71CE-4654-990F-F78C4028F8B4} = {076FFF57-71CE-4654-990F-F78C4028F8B4}
	EndProjectSection
EndProject
Project("{8BC9CEB8-8B4A-11D0-8D11-00A0C91BC942}") = "pdffonts", "utils\pdffonts.vcproj", "{10DF5C8C-29C0-4EBA-975C-2BC244B5D7CD}"
	ProjectSection(ProjectDependencies) = postProject
		{78E0D4F3-FFD9-4AE8-A5B4-771A42599015} = {78E0D4F3-FFD9-4AE8-A5B4-771A42599015}
		{076FFF57-71CE-4654-990F-F78C4028F8B4} = {076FFF57-71CE-4654-990F-F78C4028F8B4}
	EndProjectSection
EndProject
Project("{8BC9CEB8-8B4A-11D0-8D11-00A0C91BC942}") = "pdfimages", "utils\pdfimages.vcproj", "{5BB57FD0-CF72-43A1-B062-068C6AC35EBA}"
	ProjectSection(ProjectDependencies) = postProject
		{78E0D4F3-FFD9-4AE8-A5B4-771A42599015} = {78E0D4F3-FFD9-4AE8-A5B4-771A42599015}
		{076FFF57-71CE-4654-990F-F78C4028F8B4} = {076FFF57-71CE-4654-990F-F78C4028F8B4}
	EndProjectSection
EndProject
Project("{8BC9CEB8-8B4A-11D0-8D11-00A0C91BC942}") = "pdfinfo", "utils\pdfinfo.vcproj", "{240861DE-F516-4041-BC78-913CCD05D600}"
	ProjectSection(ProjectDependencies) = postProject
		{78E0D4F3-FFD9-4AE8-A5B4-771A42599015} = {78E0D4F3-FFD9-4AE8-A5B4-771A42599015}
		{076FFF57-71CE-4654-990F-F78C4028F8B4} = {076FFF57-71CE-4654-990F-F78C4028F8B4}
	EndProjectSection
EndProject
Project("{8BC9CEB8-8B4A-11D0-8D11-00A0C91BC942}") = "pdfseparate", "utils\pdfseparate.vcproj", "{CB1B33FE-7941-4698-8F03-95B23F8CE313}"
	ProjectSection(ProjectDependencies) = postProject
		{78E0D4F3-FFD9-4AE8-A5B4-771A42599015} = {78E0D4F3-FFD9-4AE8-A5B4-771A42599015}
		{076FFF57-71CE-4654-990F-F78C4028F8B4} = {076FFF57-71CE-4654-990F-F78C4028F8B4}
	EndProjectSection
EndProject
Project("{8BC9CEB8-8B4A-11D0-8D11-00A0C91BC942}") = "pdftohtml", "utils\pdftohtml.vcproj", "{E0989271-C9A8-425A-8469-18E8AEEC1D8D}"
	ProjectSection(ProjectDependencies) = postProject
		{78E0D4F3-FFD9-4AE8-A5B4-771A42599015} = {78E0D4F3-FFD9-4AE8-A5B4-771A42599015}
		{076FFF57-71CE-4654-990F-F78C4028F8B4} = {076FFF57-71CE-4654-990F-F78C4028F8B4}
	EndProjectSection
EndProject
Project("{8BC9CEB8-8B4A-11D0-8D11-00A0C91BC942}") = "pdftoppm", "utils\pdftoppm.vcproj", "{B7DBB1A3-D56D-434F-AAAF-7C0EE042AD3A}"
	ProjectSection(ProjectDependencies) = postProject
		{78E0D4F3-FFD9-4AE8-A5B4-771A42599015} = {78E0D4F3-FFD9-4AE8-A5B4-771A42599015}
		{076FFF57-71CE-4654-990F-F78C4028F8B4} = {076FFF57-71CE-4654-990F-F78C4028F8B4}
	EndProjectSection
EndProject
Project("{8BC9CEB8-8B4A-11D0-8D11-00A0C91BC942}") = "pdftops", "utils\pdftops.vcproj", "{57B0949C-ED5A-4A01-8729-BD636DF21F0E}"
	ProjectSection(ProjectDependencies) = postProject
		{78E0D4F3-FFD9-4AE8-A5B4-771A42599015} = {78E0D4F3-FFD9-4AE8-A5B4-771A42599015}
		{076FFF57-71CE-4654-990F-F78C4028F8B4} = {076FFF57-71CE-4654-990F-F78C4028F8B4}
	EndProjectSection
EndProject
Project("{8BC9CEB8-8B4A-11D0-8D11-00A0C91BC942}") = "pdftotext", "utils\pdftotext.vcproj", "{5E1C30B8-169C-4981-9D00-D8F5605E51B4}"
	ProjectSection(ProjectDependencies) = postProject
		{78E0D4F3-FFD9-4AE8-A5B4-771A42599015} = {78E0D4F3-FFD9-4AE8-A5B4-771A42599015}
		{076FFF57-71CE-4654-990F-F78C4028F8B4} = {076FFF57-71CE-4654-990F-F78C4028F8B4}
	EndProjectSection
EndProject
Project("{8BC9CEB8-8B4A-11D0-8D11-00A0C91BC942}") = "pdfunite", "utils\pdfunite.vcproj", "{09FF2408-0430-40FC-B010-252BFBB8F3EF}"
	ProjectSection(ProjectDependencies) = postProject
		{78E0D4F3-FFD9-4AE8-A5B4-771A42599015} = {78E0D4F3-FFD9-4AE8-A5B4-771A42599015}
		{076FFF57-71CE-4654-990F-F78C4028F8B4} = {076FFF57-71CE-4654-990F-F78C4028F8B4}
	EndProjectSection
EndProject
Project("{8BC9CEB8-8B4A-11D0-8D11-00A0C91BC942}") = "poppler", "poppler.vcproj", "{076FFF57-71CE-4654-990F-F78C4028F8B4}"
	ProjectSection(ProjectDependencies) = postProject
		{78E0D4F3-FFD9-4AE8-A5B4-771A42599015} = {78E0D4F3-FFD9-4AE8-A5B4-771A42599015}
	EndProjectSection
EndProject
Global
	GlobalSection(SolutionConfigurationPlatforms) = preSolution
		Debug|Win32 = Debug|Win32
		Release|Win32 = Release|Win32
		MinSizeRel|Win32 = MinSizeRel|Win32
		RelWithDebInfo|Win32 = RelWithDebInfo|Win32
	EndGlobalSection
	GlobalSection(ProjectConfigurationPlatforms) = postSolution
		{2E2D04C2-63A3-4393-BF6D-05D07F2D2E8A}.Debug|Win32.ActiveCfg = Debug|Win32
		{2E2D04C2-63A3-4393-BF6D-05D07F2D2E8A}.Debug|Win32.Build.0 = Debug|Win32
		{2E2D04C2-63A3-4393-BF6D-05D07F2D2E8A}.Release|Win32.ActiveCfg = Release|Win32
		{2E2D04C2-63A3-4393-BF6D-05D07F2D2E8A}.Release|Win32.Build.0 = Release|Win32
		{2E2D04C2-63A3-4393-BF6D-05D07F2D2E8A}.MinSizeRel|Win32.ActiveCfg = MinSizeRel|Win32
		{2E2D04C2-63A3-4393-BF6D-05D07F2D2E8A}.MinSizeRel|Win32.Build.0 = MinSizeRel|Win32
		{2E2D04C2-63A3-4393-BF6D-05D07F2D2E8A}.RelWithDebInfo|Win32.ActiveCfg = RelWithDebInfo|Win32
		{2E2D04C2-63A3-4393-BF6D-05D07F2D2E8A}.RelWithDebInfo|Win32.Build.0 = RelWithDebInfo|Win32
		{457993B1-1F99-465C-BA36-93BE297D2795}.Debug|Win32.ActiveCfg = Debug|Win32
		{457993B1-1F99-465C-BA36-93BE297D2795}.Release|Win32.ActiveCfg = Release|Win32
		{457993B1-1F99-465C-BA36-93BE297D2795}.MinSizeRel|Win32.ActiveCfg = MinSizeRel|Win32
		{457993B1-1F99-465C-BA36-93BE297D2795}.RelWithDebInfo|Win32.ActiveCfg = RelWithDebInfo|Win32
		{9501404D-E66C-4971-A590-F0F8B53BDE83}.Debug|Win32.ActiveCfg = Debug|Win32
		{9501404D-E66C-4971-A590-F0F8B53BDE83}.Release|Win32.ActiveCfg = Release|Win32
		{9501404D-E66C-4971-A590-F0F8B53BDE83}.MinSizeRel|Win32.ActiveCfg = MinSizeRel|Win32
		{9501404D-E66C-4971-A590-F0F8B53BDE83}.RelWithDebInfo|Win32.ActiveCfg = RelWithDebInfo|Win32
		{78E0D4F3-FFD9-4AE8-A5B4-771A42599015}.Debug|Win32.ActiveCfg = Debug|Win32
		{78E0D4F3-FFD9-4AE8-A5B4-771A42599015}.Debug|Win32.Build.0 = Debug|Win32
		{78E0D4F3-FFD9-4AE8-A5B4-771A42599015}.Release|Win32.ActiveCfg = Release|Win32
		{78E0D4F3-FFD9-4AE8-A5B4-771A42599015}.Release|Win32.Build.0 = Release|Win32
		{78E0D4F3-FFD9-4AE8-A5B4-771A42599015}.MinSizeRel|Win32.ActiveCfg = MinSizeRel|Win32
		{78E0D4F3-FFD9-4AE8-A5B4-771A42599015}.MinSizeRel|Win32.Build.0 = MinSizeRel|Win32
		{78E0D4F3-FFD9-4AE8-A5B4-771A42599015}.RelWithDebInfo|Win32.ActiveCfg = RelWithDebInfo|Win32
		{78E0D4F3-FFD9-4AE8-A5B4-771A42599015}.RelWithDebInfo|Win32.Build.0 = RelWithDebInfo|Win32
		{87B74B49-AACA-47FE-8319-87276E791A92}.Debug|Win32.ActiveCfg = Debug|Win32
		{87B74B49-AACA-47FE-8319-87276E791A92}.Debug|Win32.Build.0 = Debug|Win32
		{87B74B49-AACA-47FE-8319-87276E791A92}.Release|Win32.ActiveCfg = Release|Win32
		{87B74B49-AACA-47FE-8319-87276E791A92}.Release|Win32.Build.0 = Release|Win32
		{87B74B49-AACA-47FE-8319-87276E791A92}.MinSizeRel|Win32.ActiveCfg = MinSizeRel|Win32
		{87B74B49-AACA-47FE-8319-87276E791A92}.MinSizeRel|Win32.Build.0 = MinSizeRel|Win32
		{87B74B49-AACA-47FE-8319-87276E791A92}.RelWithDebInfo|Win32.ActiveCfg = RelWithDebInfo|Win32
		{87B74B49-AACA-47FE-8319-87276E791A92}.RelWithDebInfo|Win32.Build.0 = RelWithDebInfo|Win32
		{10DF5C8C-29C0-4EBA-975C-2BC244B5D7CD}.Debug|Win32.ActiveCfg = Debug|Win32
		{10DF5C8C-29C0-4EBA-975C-2BC244B5D7CD}.Debug|Win32.Build.0 = Debug|Win32
		{10DF5C8C-29C0-4EBA-975C-2BC244B5D7CD}.Release|Win32.ActiveCfg = Release|Win32
		{10DF5C8C-29C0-4EBA-975C-2BC244B5D7CD}.Release|Win32.Build.0 = Release|Win32
		{10DF5C8C-29C0-4EBA-975C-2BC244B5D7CD}.MinSizeRel|Win32.ActiveCfg = MinSizeRel|Win32
		{10DF5C8C-29C0-4EBA-975C-2BC244B5D7CD}.MinSizeRel|Win32.Build.0 = MinSizeRel|Win32
		{10DF5C8C-29C0-4EBA-975C-2BC244B5D7CD}.RelWithDebInfo|Win32.ActiveCfg = RelWithDebInfo|Win32
		{10DF5C8C-29C0-4EBA-975C-2BC244B5D7CD}.RelWithDebInfo|Win32.Build.0 = RelWithDebInfo|Win32
		{5BB57FD0-CF72-43A1-B062-068C6AC35EBA}.Debug|Win32.ActiveCfg = Debug|Win32
		{5BB57FD0-CF72-43A1-B062-068C6AC35EBA}.Debug|Win32.Build.0 = Debug|Win32
		{5BB57FD0-CF72-43A1-B062-068C6AC35EBA}.Release|Win32.ActiveCfg = Release|Win32
		{5BB57FD0-CF72-43A1-B062-068C6AC35EBA}.Release|Win32.Build.0 = Release|Win32
		{5BB57FD0-CF72-43A1-B062-068C6AC35EBA}.MinSizeRel|Win32.ActiveCfg = MinSizeRel|Win32
		{5BB57FD0-CF72-43A1-B062-068C6AC35EBA}.MinSizeRel|Win32.Build.0 = MinSizeRel|Win32
		{5BB57FD0-CF72-43A1-B062-068C6AC35EBA}.RelWithDebInfo|Win32.ActiveCfg = RelWithDebInfo|Win32
		{5BB57FD0-CF72-43A1-B062-068C6AC35EBA}.RelWithDebInfo|Win32.Build.0 = RelWithDebInfo|Win32
		{240861DE-F516-4041-BC78-913CCD05D600}.Debug|Win32.ActiveCfg = Debug|Win32
		{240861DE-F516-4041-BC78-913CCD05D600}.Debug|Win32.Build.0 = Debug|Win32
		{240861DE-F516-4041-BC78-913CCD05D600}.Release|Win32.ActiveCfg = Release|Win32
		{240861DE-F516-4041-BC78-913CCD05D600}.Release|Win32.Build.0 = Release|Win32
		{240861DE-F516-4041-BC78-913CCD05D600}.MinSizeRel|Win32.ActiveCfg = MinSizeRel|Win32
		{240861DE-F516-4041-BC78-913CCD05D600}.MinSizeRel|Win32.Build.0 = MinSizeRel|Win32
		{240861DE-F516-4041-BC78-913CCD05D600}.RelWithDebInfo|Win32.ActiveCfg = RelWithDebInfo|Win32
		{240861DE-F516-4041-BC78-913CCD05D600}.RelWithDebInfo|Win32.Build.0 = RelWithDebInfo|Win32
		{CB1B33FE-7941-4698-8F03-95B23F8CE313}.Debug|Win32.ActiveCfg = Debug|Win32
		{CB1B33FE-7941-4698-8F03-95B23F8CE313}.Debug|Win32.Build.0 = Debug|Win32
		{CB1B33FE-7941-4698-8F03-95B23F8CE313}.Release|Win32.ActiveCfg = Release|Win32
		{CB1B33FE-7941-4698-8F03-95B23F8CE313}.Release|Win32.Build.0 = Release|Win32
		{CB1B33FE-7941-4698-8F03-95B23F8CE313}.MinSizeRel|Win32.ActiveCfg = MinSizeRel|Win32
		{CB1B33FE-7941-4698-8F03-95B23F8CE313}.MinSizeRel|Win32.Build.0 = MinSizeRel|Win32
		{CB1B33FE-7941-4698-8F03-95B23F8CE313}.RelWithDebInfo|Win32.ActiveCfg = RelWithDebInfo|Win32
		{CB1B33FE-7941-4698-8F03-95B23F8CE313}.RelWithDebInfo|Win32.Build.0 = RelWithDebInfo|Win32
		{E0989271-C9A8-425A-8469-18E8AEEC1D8D}.Debug|Win32.ActiveCfg = Debug|Win32
		{E0989271-C9A8-425A-8469-18E8AEEC1D8D}.Debug|Win32.Build.0 = Debug|Win32
		{E0989271-C9A8-425A-8469-18E8AEEC1D8D}.Release|Win32.ActiveCfg = Release|Win32
		{E0989271-C9A8-425A-8469-18E8AEEC1D8D}.Release|Win32.Build.0 = Release|Win32
		{E0989271-C9A8-425A-8469-18E8AEEC1D8D}.MinSizeRel|Win32.ActiveCfg = MinSizeRel|Win32
		{E0989271-C9A8-425A-8469-18E8AEEC1D8D}.MinSizeRel|Win32.Build.0 = MinSizeRel|Win32
		{E0989271-C9A8-425A-8469-18E8AEEC1D8D}.RelWithDebInfo|Win32.ActiveCfg = RelWithDebInfo|Win32
		{E0989271-C9A8-425A-8469-18E8AEEC1D8D}.RelWithDebInfo|Win32.Build.0 = RelWithDebInfo|Win32
		{B7DBB1A3-D56D-434F-AAAF-7C0EE042AD3A}.Debug|Win32.ActiveCfg = Debug|Win32
		{B7DBB1A3-D56D-434F-AAAF-7C0EE042AD3A}.Debug|Win32.Build.0 = Debug|Win32
		{B7DBB1A3-D56D-434F-AAAF-7C0EE042AD3A}.Release|Win32.ActiveCfg = Release|Win32
		{B7DBB1A3-D56D-434F-AAAF-7C0EE042AD3A}.Release|Win32.Build.0 = Release|Win32
		{B7DBB1A3-D56D-434F-AAAF-7C0EE042AD3A}.MinSizeRel|Win32.ActiveCfg = MinSizeRel|Win32
		{B7DBB1A3-D56D-434F-AAAF-7C0EE042AD3A}.MinSizeRel|Win32.Build.0 = MinSizeRel|Win32
		{B7DBB1A3-D56D-434F-AAAF-7C0EE042AD3A}.RelWithDebInfo|Win32.ActiveCfg = RelWithDebInfo|Win32
		{B7DBB1A3-D56D-434F-AAAF-7C0EE042AD3A}.RelWithDebInfo|Win32.Build.0 = RelWithDebInfo|Win32
		{57B0949C-ED5A-4A01-8729-BD636DF21F0E}.Debug|Win32.ActiveCfg = Debug|Win32
		{57B0949C-ED5A-4A01-8729-BD636DF21F0E}.Debug|Win32.Build.0 = Debug|Win32
		{57B0949C-ED5A-4A01-8729-BD636DF21F0E}.Release|Win32.ActiveCfg = Release|Win32
		{57B0949C-ED5A-4A01-8729-BD636DF21F0E}.Release|Win32.Build.0 = Release|Win32
		{57B0949C-ED5A-4A01-8729-BD636DF21F0E}.MinSizeRel|Win32.ActiveCfg = MinSizeRel|Win32
		{57B0949C-ED5A-4A01-8729-BD636DF21F0E}.MinSizeRel|Win32.Build.0 = MinSizeRel|Win32
		{57B0949C-ED5A-4A01-8729-BD636DF21F0E}.RelWithDebInfo|Win32.ActiveCfg = RelWithDebInfo|Win32
		{57B0949C-ED5A-4A01-8729-BD636DF21F0E}.RelWithDebInfo|Win32.Build.0 = RelWithDebInfo|Win32
		{5E1C30B8-169C-4981-9D00-D8F5605E51B4}.Debug|Win32.ActiveCfg = Debug|Win32
		{5E1C30B8-169C-4981-9D00-D8F5605E51B4}.Debug|Win32.Build.0 = Debug|Win32
		{5E1C30B8-169C-4981-9D00-D8F5605E51B4}.Release|Win32.ActiveCfg = Release|Win32
		{5E1C30B8-169C-4981-9D00-D8F5605E51B4}.Release|Win32.Build.0 = Release|Win32
		{5E1C30B8-169C-4981-9D00-D8F5605E51B4}.MinSizeRel|Win32.ActiveCfg = MinSizeRel|Win32
		{5E1C30B8-169C-4981-9D00-D8F5605E51B4}.MinSizeRel|Win32.Build.0 = MinSizeRel|Win32
		{5E1C30B8-169C-4981-9D00-D8F5605E51B4}.RelWithDebInfo|Win32.ActiveCfg = RelWithDebInfo|Win32
		{5E1C30B8-169C-4981-9D00-D8F5605E51B4}.RelWithDebInfo|Win32.Build.0 = RelWithDebInfo|Win32
		{09FF2408-0430-40FC-B010-252BFBB8F3EF}.Debug|Win32.ActiveCfg = Debug|Win32
		{09FF2408-0430-40FC-B010-252BFBB8F3EF}.Debug|Win32.Build.0 = Debug|Win32
		{09FF2408-0430-40FC-B010-252BFBB8F3EF}.Release|Win32.ActiveCfg = Release|Win32
		{09FF2408-0430-40FC-B010-252BFBB8F3EF}.Release|Win32.Build.0 = Release|Win32
		{09FF2408-0430-40FC-B010-252BFBB8F3EF}.MinSizeRel|Win32.ActiveCfg = MinSizeRel|Win32
		{09FF2408-0430-40FC-B010-252BFBB8F3EF}.MinSizeRel|Win32.Build.0 = MinSizeRel|Win32
		{09FF2408-0430-40FC-B010-252BFBB8F3EF}.RelWithDebInfo|Win32.ActiveCfg = RelWithDebInfo|Win32
		{09FF2408-0430-40FC-B010-252BFBB8F3EF}.RelWithDebInfo|Win32.Build.0 = RelWithDebInfo|Win32
		{076FFF57-71CE-4654-990F-F78C4028F8B4}.Debug|Win32.ActiveCfg = Debug|Win32
		{076FFF57-71CE-4654-990F-F78C4028F8B4}.Debug|Win32.Build.0 = Debug|Win32
		{076FFF57-71CE-4654-990F-F78C4028F8B4}.Release|Win32.ActiveCfg = Release|Win32
		{076FFF57-71CE-4654-990F-F78C4028F8B4}.Release|Win32.Build.0 = Release|Win32
		{076FFF57-71CE-4654-990F-F78C4028F8B4}.MinSizeRel|Win32.ActiveCfg = MinSizeRel|Win32
		{076FFF57-71CE-4654-990F-F78C4028F8B4}.MinSizeRel|Win32.Build.0 = MinSizeRel|Win32
		{076FFF57-71CE-4654-990F-F78C4028F8B4}.RelWithDebInfo|Win32.ActiveCfg = RelWithDebInfo|Win32
		{076FFF57-71CE-4654-990F-F78C4028F8B4}.RelWithDebInfo|Win32.Build.0 = RelWithDebInfo|Win32
	EndGlobalSection
	GlobalSection(ExtensibilityGlobals) = postSolution
	EndGlobalSection
	GlobalSection(ExtensibilityAddIns) = postSolution
	EndGlobalSection
EndGlobal
